PODS:
  - Alamofire (5.4.4)
  - JBNetworking (0.1.1):
    - Alamofire (~> 5.4.2)

DEPENDENCIES:
  - JBNetworking (from `../`)

SPEC REPOS:
  trunk:
    - Alamofire

EXTERNAL SOURCES:
  JBNetworking:
    :path: "../"

SPEC CHECKSUMS:
  Alamofire: f3b09a368f1582ab751b3fff5460276e0d2cf5c9
  JBNetworking: 97374a41de612dbdeab7dd9f712921f7cdb393b2

PODFILE CHECKSUM: d8e8c56cc5012812ae14f6b3af9b0ff5eb37545c

COCOAPODS: 1.11.2
